
Microsoft Visual Studio Solution File, Format Version 12.00
# Visual Studio 15
VisualStudioVersion = 15.0.28307.271
MinimumVisualStudioVersion = 10.0.40219.1
Project("{FAE04EC0-301F-11D3-BF4B-00C04F79EFBC}") = "XLToolkit", "XLToolkit.csproj", "{F0E57349-D2CD-4EDE-91B4-15841A016B9D}"
EndProject
Project("{2150E333-8FDC-42A3-9474-1A3956D46DE8}") = "Miscellanea", "Miscellanea", "{69ABD063-CB4D-4067-AF7D-943F6E61E298}"
	ProjectSection(SolutionItems) = preProject
		.editorconfig = .editorconfig
		.gitignore = .gitignore
		LICENSE.md = LICENSE.md
		README.md = README.md
	EndProjectSection
EndProject
Global
	GlobalSection(SolutionConfigurationPlatforms) = preSolution
		Debug|Any CPU = Debug|Any CPU
		Release|Any CPU = Release|Any CPU
	EndGlobalSection
	GlobalSection(ProjectConfigurationPlatforms) = postSolution
		{F0E57349-D2CD-4EDE-91B4-15841A016B9D}.Debug|Any CPU.ActiveCfg = Debug|Any CPU
		{F0E57349-D2CD-4EDE-91B4-15841A016B9D}.Debug|Any CPU.Build.0 = Debug|Any CPU
		{F0E57349-D2CD-4EDE-91B4-15841A016B9D}.Release|Any CPU.ActiveCfg = Release|Any CPU
		{F0E57349-D2CD-4EDE-91B4-15841A016B9D}.Release|Any CPU.Build.0 = Release|Any CPU
	EndGlobalSection
	GlobalSection(SolutionProperties) = preSolution
		HideSolutionNode = FALSE
	EndGlobalSection
	GlobalSection(ExtensibilityGlobals) = postSolution
		SolutionGuid = {DA224FB5-9D10-4166-9D71-CFF8F6307D5D}
	EndGlobalSection
EndGlobal
